
Microsoft Visual Studio Solution File, Format Version 12.00
# Visual Studio Version 17
VisualStudioVersion = 17.4.33110.190
MinimumVisualStudioVersion = 10.0.40219.1
Project("{FAE04EC0-301F-11D3-BF4B-00C04F79EFBC}") = "WebApplication2", "WebApplication2\WebApplication2.csproj", "{1307826C-ACE8-4780-9494-D1FA533FACBB}"
EndProject
Global
	GlobalSection(SolutionConfigurationPlatforms) = preSolution
		Debug|Any CPU = Debug|Any CPU
		Release|Any CPU = Release|Any CPU
	EndGlobalSection
	GlobalSection(ProjectConfigurationPlatforms) = postSolution
		{1307826C-ACE8-4780-9494-D1FA533FACBB}.Debug|Any CPU.ActiveCfg = Debug|Any CPU
		{1307826C-ACE8-4780-9494-D1FA533FACBB}.Debug|Any CPU.Build.0 = Debug|Any CPU
		{1307826C-ACE8-4780-9494-D1FA533FACBB}.Release|Any CPU.ActiveCfg = Release|Any CPU
		{1307826C-ACE8-4780-9494-D1FA533FACBB}.Release|Any CPU.Build.0 = Release|Any CPU
	EndGlobalSection
	GlobalSection(SolutionProperties) = preSolution
		HideSolutionNode = FALSE
	EndGlobalSection
	GlobalSection(ExtensibilityGlobals) = postSolution
		SolutionGuid = {A2B68F53-8043-48AD-A7DD-B1E75075D3FE}
	EndGlobalSection
EndGlobal
